// !$*UTF8*$!
{
	archiveVersion = 1;
	classes = {
	};
	objectVersion = 46;
	objects = {

/* Begin PBXBuildFile section */
		45A128A31C62F866008372D7 /* AppDelegate.swift in Sources */ = {isa = PBXBuildFile; fileRef = 45A128A21C62F866008372D7 /* AppDelegate.swift */; };
		45A128A51C62F866008372D7 /* ViewController.swift in Sources */ = {isa = PBXBuildFile; fileRef = 45A128A41C62F866008372D7 /* ViewController.swift */; };
		45A128A81C62F866008372D7 /* Main.storyboard in Resources */ = {isa = PBXBuildFile; fileRef = 45A128A61C62F866008372D7 /* Main.storyboard */; };
		45A128AA1C62F866008372D7 /* Assets.xcassets in Resources */ = {isa = PBXBuildFile; fileRef = 45A128A91C62F866008372D7 /* Assets.xcassets */; };
		45A128AD1C62F866008372D7 /* LaunchScreen.storyboard in Resources */ = {isa = PBXBuildFile; fileRef = 45A128AB1C62F866008372D7 /* LaunchScreen.storyboard */; };
/* End PBXBuildFile section */

/* Begin PBXFileReference section */
		45A1289F1C62F866008372D7 /* InstagramClient.app */ = {isa = PBXFileReference; explicitFileType = wrapper.application; includeInIndex = 0; path = InstagramClient.app; sourceTree = BUILT_PRODUCTS_DIR; };
		45A128A21C62F866008372D7 /* AppDelegate.swift */ = {isa = PBXFileReference; lastKnownFileType = sourcecode.swift; path = AppDelegate.swift; sourceTree = "<group>"; };
		45A128A41C62F866008372D7 /* ViewController.swift */ = {isa = PBXFileReference; lastKnownFileType = sourcecode.swift; path = ViewController.swift; sourceTree = "<group>"; };
		45A128A71C62F866008372D7 /* Base */ = {isa = PBXFileReference; lastKnownFileType = file.storyboard; name = Base; path = Base.lproj/Main.storyboard; sourceTree = "<group>"; };
		45A128A91C62F866008372D7 /* Assets.xcassets */ = {isa = PBXFileReference; lastKnownFileType = folder.assetcatalog; path = Assets.xcassets; sourceTree = "<group>"; };
		45A128AC1C62F866008372D7 /* Base */ = {isa = PBXFileReference; lastKnownFileType = file.storyboard; name = Base; path = Base.lproj/LaunchScreen.storyboard; sourceTree = "<group>"; };
		45A128AE1C62F866008372D7 /* Info.plist */ = {isa = PBXFileReference; lastKnownFileType = text.plist.xml; path = Info.plist; sourceTree = "<group>"; };
/* End PBXFileReference section */

/* Begin PBXFrameworksBuildPhase section */
		45A1289C1C62F866008372D7 /* Frameworks */ = {
			isa = PBXFrameworksBuildPhase;
			buildActionMask = 2147483647;
			files = (
			);
			runOnlyForDeploymentPostprocessing = 0;
		};
/* End PBXFrameworksBuildPhase section */

/* Begin PBXGroup section */
		45A128961C62F866008372D7 = {
			isa = PBXGroup;
			children = (
				45A128A11C62F866008372D7 /* InstagramClient */,
				45A128A01C62F866008372D7 /* Products */,
			);
			sourceTree = "<group>";
		};
		45A128A01C62F866008372D7 /* Products */ = {
			isa = PBXGroup;
			children = (
				45A1289F1C62F866008372D7 /* InstagramClient.app */,
			);
			name = Products;
			sourceTree = "<group>";
		};
		45A128A11C62F866008372D7 /* InstagramClient */ = {
			isa = PBXGroup;
			children = (
				45A128A21C62F866008372D7 /* AppDelegate.swift */,
				45A128A41C62F866008372D7 /* ViewController.swift */,
				45A128A61C62F866008372D7 /* Main.storyboard */,
				45A128A91C62F866008372D7 /* Assets.xcassets */,
				45A128AB1C62F866008372D7 /* LaunchScreen.storyboard */,
				45A128AE1C62F866008372D7 /* Info.plist */,
			);
			path = InstagramClient;
			sourceTree = "<group>";
		};
/* End PBXGroup section */

/* Begin PBXNativeTarget section */
		45A1289E1C62F866008372D7 /* InstagramClient */ = {
			isa = PBXNativeTarget;
			buildConfigurationList = 45A128B11C62F866008372D7 /* Build configuration list for PBXNativeTarget "InstagramClient" */;
			buildPhases = (
				45A1289B1C62F866008372D7 /* Sources */,
				45A1289C1C62F866008372D7 /* Frameworks */,
				45A1289D1C62F866008372D7 /* Resources */,
			);
			buildRules = (
			);
			dependencies = (
			);
			name = InstagramClient;
			productName = InstagramClient;
			productReference = 45A1289F1C62F866008372D7 /* InstagramClient.app */;
			productType = "com.apple.product-type.application";
		};
/* End PBXNativeTarget section */

/* Begin PBXProject section */
		45A128971C62F866008372D7 /* Project object */ = {
			isa = PBXProject;
			attributes = {
				LastSwiftUpdateCheck = 0720;
				LastUpgradeCheck = 0720;
				ORGANIZATIONNAME = "Jeremiah Lee";
				TargetAttributes = {
					45A1289E1C62F866008372D7 = {
						CreatedOnToolsVersion = 7.2.1;
					};
				};
			};
			buildConfigurationList = 45A1289A1C62F866008372D7 /* Build configuration list for PBXProject "InstagramClient" */;
			compatibilityVersion = "Xcode 3.2";
			developmentRegion = English;
			hasScannedForEncodings = 0;
			knownRegions = (
				en,
				Base,
			);
			mainGroup = 45A128961C62F866008372D7;
			productRefGroup = 45A128A01C62F866008372D7 /* Products */;
			projectDirPath = "";
			projectRoot = "";
			targets = (
				45A1289E1C62F866008372D7 /* InstagramClient */,
			);
		};
/* End PBXProject section */

/* Begin PBXResourcesBuildPhase section */
		45A1289D1C62F866008372D7 /* Resources */ = {
			isa = PBXResourcesBuildPhase;
			buildActionMask = 2147483647;
			files = (
				45A128AD1C62F866008372D7 /* LaunchScreen.storyboard in Resources */,
				45A128AA1C62F866008372D7 /* Assets.xcassets in Resources */,
				45A128A81C62F866008372D7 /* Main.storyboard in Resources */,
			);
			runOnlyForDeploymentPostprocessing = 0;
		};
/* End PBXResourcesBuildPhase section */

/* Begin PBXSourcesBuildPhase section */
		45A1289B1C62F866008372D7 /* Sources */ = {
			isa = PBXSourcesBuildPhase;
			buildActionMask = 2147483647;
			files = (
				45A128A51C62F866008372D7 /* ViewController.swift in Sources */,
				45A128A31C62F866008372D7 /* AppDelegate.swift in Sources */,
			);
			runOnlyForDeploymentPostprocessing = 0;
		};
/* End PBXSourcesBuildPhase section */

/* Begin PBXVariantGroup section */
		45A128A61C62F866008372D7 /* Main.storyboard */ = {
			isa = PBXVariantGroup;
			children = (
				45A128A71C62F866008372D7 /* Base */,
			);
			name = Main.storyboard;
			sourceTree = "<group>";
		};
		45A128AB1C62F866008372D7 /* LaunchScreen.storyboard */ = {
			isa = PBXVariantGroup;
			children = (
				45A128AC1C62F866008372D7 /* Base */,
			);
			name = LaunchScreen.storyboard;
			sourceTree = "<group>";
		};
/* End PBXVariantGroup section */

/* Begin XCBuildConfiguration section */
		45A128AF1C62F866008372D7 /* Debug */ = {
			isa = XCBuildConfiguration;
			buildSettings = {
				ALWAYS_SEARCH_USER_PATHS = NO;
				CLANG_CXX_LANGUAGE_STANDARD = "gnu++0x";
				CLANG_CXX_LIBRARY = "libc++";
				CLANG_ENABLE_MODULES = YES;
				CLANG_ENABLE_OBJC_ARC = YES;
				CLANG_WARN_BOOL_CONVERSION = YES;
				CLANG_WARN_CONSTANT_CONVERSION = YES;
				CLANG_WARN_DIRECT_OBJC_ISA_USAGE = YES_ERROR;
				CLANG_WARN_EMPTY_BODY = YES;
				CLANG_WARN_ENUM_CONVERSION = YES;
				CLANG_WARN_INT_CONVERSION = YES;
				CLANG_WARN_OBJC_ROOT_CLASS = YES_ERROR;
				CLANG_WARN_UNREACHABLE_CODE = YES;
				CLANG_WARN__DUPLICATE_METHOD_MATCH = YES;
				"CODE_SIGN_IDENTITY[sdk=iphoneos*]" = "iPhone Developer";
				COPY_PHASE_STRIP = NO;
				DEBUG_INFORMATION_FORMAT = dwarf;
				ENABLE_STRICT_OBJC_MSGSEND = YES;
				ENABLE_TESTABILITY = YES;
				GCC_C_LANGUAGE_STANDARD = gnu99;
				GCC_DYNAMIC_NO_PIC = NO;
				GCC_NO_COMMON_BLOCKS = YES;
				GCC_OPTIMIZATION_LEVEL = 0;
				GCC_PREPROCESSOR_DEFINITIONS = (
					"DEBUG=1",
					"$(inherited)",
				);
				GCC_WARN_64_TO_32_BIT_CONVERSION = YES;
				GCC_WARN_ABOUT_RETURN_TYPE = YES_ERROR;
				GCC_WARN_UNDECLARED_SELECTOR = YES;
				GCC_WARN_UNINITIALIZED_AUTOS = YES_AGGRESSIVE;
				GCC_WARN_UNUSED_FUNCTION = YES;
				GCC_WARN_UNUSED_VARIABLE = YES;
				IPHONEOS_DEPLOYMENT_TARGET = 9.2;
				MTL_ENABLE_DEBUG_INFO = YES;
				ONLY_ACTIVE_ARCH = YES;
				SDKROOT = iphoneos;
				SWIFT_OPTIMIZATION_LEVEL = "-Onone";
			};
			name = Debug;
		};
		45A128B01C62F866008372D7 /* Release */ = {
			isa = XCBuildConfiguration;
			buildSettings = {
				ALWAYS_SEARCH_USER_PATHS = NO;
				CLANG_CXX_LANGUAGE_STANDARD = "gnu++0x";
				CLANG_CXX_LIBRARY = "libc++";
				CLANG_ENABLE_MODULES = YES;
				CLANG_ENABLE_OBJC_ARC = YES;
				CLANG_WARN_BOOL_CONVERSION = YES;
				CLANG_WARN_CONSTANT_CONVERSION = YES;
				CLANG_WARN_DIRECT_OBJC_ISA_USAGE = YES_ERROR;
				CLANG_WARN_EMPTY_BODY = YES;
				CLANG_WARN_ENUM_CONVERSION = YES;
				CLANG_WARN_INT_CONVERSION = YES;
				CLANG_WARN_OBJC_ROOT_CLASS = YES_ERROR;
				CLANG_WARN_UNREACHABLE_CODE = YES;
				CLANG_WARN__DUPLICATE_METHOD_MATCH = YES;
				"CODE_SIGN_IDENTITY[sdk=iphoneos*]" = "iPhone Developer";
				COPY_PHASE_STRIP = NO;
				DEBUG_INFORMATION_FORMAT = "dwarf-with-dsym";
				ENABLE_NS_ASSERTIONS = NO;
				ENABLE_STRICT_OBJC_MSGSEND = YES;
				GCC_C_LANGUAGE_STANDARD = gnu99;
				GCC_NO_COMMON_BLOCKS = YES;
				GCC_WARN_64_TO_32_BIT_CONVERSION = YES;
				GCC_WARN_ABOUT_RETURN_TYPE = YES_ERROR;
				GCC_WARN_UNDECLARED_SELECTOR = YES;
				GCC_WARN_UNINITIALIZED_AUTOS = YES_AGGRESSIVE;
				GCC_WARN_UNUSED_FUNCTION = YES;
				GCC_WARN_UNUSED_VARIABLE = YES;
				IPHONEOS_DEPLOYMENT_TARGET = 9.2;
				MTL_ENABLE_DEBUG_INFO = NO;
				SDKROOT = iphoneos;
				VALIDATE_PRODUCT = YES;
			};
			name = Release;
		};
		45A128B21C62F866008372D7 /* Debug */ = {
			isa = XCBuildConfiguration;
			buildSettings = {
				ASSETCATALOG_COMPILER_APPICON_NAME = AppIcon;
				INFOPLIST_FILE = InstagramClient/Info.plist;
				LD_RUNPATH_SEARCH_PATHS = "$(inherited) @executable_path/Frameworks";
				PRODUCT_BUNDLE_IDENTIFIER = com.codepath.InstagramClient;
				PRODUCT_NAME = "$(TARGET_NAME)";
			};
			name = Debug;
		};
		45A128B31C62F866008372D7 /* Release */ = {
			isa = XCBuildConfiguration;
			buildSettings = {
				ASSETCATALOG_COMPILER_APPICON_NAME = AppIcon;
				INFOPLIST_FILE = InstagramClient/Info.plist;
				LD_RUNPATH_SEARCH_PATHS = "$(inherited) @executable_path/Frameworks";
				PRODUCT_BUNDLE_IDENTIFIER = com.codepath.InstagramClient;
				PRODUCT_NAME = "$(TARGET_NAME)";
			};
			name = Release;
		};
/* End XCBuildConfiguration section */

/* Begin XCConfigurationList section */
		45A1289A1C62F866008372D7 /* Build configuration list for PBXProject "InstagramClient" */ = {
			isa = XCConfigurationList;
			buildConfigurations = (
				45A128AF1C62F866008372D7 /* Debug */,
				45A128B01C62F866008372D7 /* Release */,
			);
			defaultConfigurationIsVisible = 0;
			defaultConfigurationName = Release;
		};
		45A128B11C62F866008372D7 /* Build configuration list for PBXNativeTarget "InstagramClient" */ = {
			isa = XCConfigurationList;
			buildConfigurations = (
				45A128B21C62F866008372D7 /* Debug */,
				45A128B31C62F866008372D7 /* Release */,
			);
			defaultConfigurationIsVisible = 0;
		};
/* End XCConfigurationList section */
	};
	rootObject = 45A128971C62F866008372D7 /* Project object */;
}
